// !$*UTF8*$!
{
	archiveVersion = 1;
	classes = {
	};
	objectVersion = 48;
	objects = {

/* Begin PBXBuildFile section */
		7918B0370BCC86E432A5E095 /* Pods_TopMoviesUITests.framework in Frameworks */ = {isa = PBXBuildFile; fileRef = A369C86972834350019F45BD /* Pods_TopMoviesUITests.framework */; };
		C0579C2C1F98A707006FCA11 /* AppDelegate.swift in Sources */ = {isa = PBXBuildFile; fileRef = C0579C2B1F98A707006FCA11 /* AppDelegate.swift */; };
		C0579C2E1F98A707006FCA11 /* ViewController.swift in Sources */ = {isa = PBXBuildFile; fileRef = C0579C2D1F98A707006FCA11 /* ViewController.swift */; };
		C0579C311F98A707006FCA11 /* Main.storyboard in Resources */ = {isa = PBXBuildFile; fileRef = C0579C2F1F98A707006FCA11 /* Main.storyboard */; };
		C0579C331F98A707006FCA11 /* Assets.xcassets in Resources */ = {isa = PBXBuildFile; fileRef = C0579C321F98A707006FCA11 /* Assets.xcassets */; };
		C0579C361F98A707006FCA11 /* LaunchScreen.storyboard in Resources */ = {isa = PBXBuildFile; fileRef = C0579C341F98A707006FCA11 /* LaunchScreen.storyboard */; };
		C0579C411F98A707006FCA11 /* TopMoviesTests.swift in Sources */ = {isa = PBXBuildFile; fileRef = C0579C401F98A707006FCA11 /* TopMoviesTests.swift */; };
		C0579C4C1F98A707006FCA11 /* TopMoviesUITests.swift in Sources */ = {isa = PBXBuildFile; fileRef = C0579C4B1F98A707006FCA11 /* TopMoviesUITests.swift */; };
		C0579C5E1F98B536006FCA11 /* Movie.swift in Sources */ = {isa = PBXBuildFile; fileRef = C0579C5D1F98B536006FCA11 /* Movie.swift */; };
		C0579C601F98BB6A006FCA11 /* Feed.swift in Sources */ = {isa = PBXBuildFile; fileRef = C0579C5F1F98BB6A006FCA11 /* Feed.swift */; };
		D87E60223E293D352337132B /* Pods_TopMovies.framework in Frameworks */ = {isa = PBXBuildFile; fileRef = 5F37A940593F84C651691F69 /* Pods_TopMovies.framework */; };
		FC12096FB9F4893F8B524E91 /* Pods_TopMoviesTests.framework in Frameworks */ = {isa = PBXBuildFile; fileRef = 60834EBBC4286A885EC0254C /* Pods_TopMoviesTests.framework */; };
/* End PBXBuildFile section */

/* Begin PBXContainerItemProxy section */
		C0579C3D1F98A707006FCA11 /* PBXContainerItemProxy */ = {
			isa = PBXContainerItemProxy;
			containerPortal = C0579C201F98A707006FCA11 /* Project object */;
			proxyType = 1;
			remoteGlobalIDString = C0579C271F98A707006FCA11;
			remoteInfo = TopMovies;
		};
		C0579C481F98A707006FCA11 /* PBXContainerItemProxy */ = {
			isa = PBXContainerItemProxy;
			containerPortal = C0579C201F98A707006FCA11 /* Project object */;
			proxyType = 1;
			remoteGlobalIDString = C0579C271F98A707006FCA11;
			remoteInfo = TopMovies;
		};
/* End PBXContainerItemProxy section */

/* Begin PBXFileReference section */
		54FA324067C82AF178CB7424 /* Pods-TopMoviesTests.release.xcconfig */ = {isa = PBXFileReference; includeInIndex = 1; lastKnownFileType = text.xcconfig; name = "Pods-TopMoviesTests.release.xcconfig"; path = "Pods/Target Support Files/Pods-TopMoviesTests/Pods-TopMoviesTests.release.xcconfig"; sourceTree = "<group>"; };
		5F37A940593F84C651691F69 /* Pods_TopMovies.framework */ = {isa = PBXFileReference; explicitFileType = wrapper.framework; includeInIndex = 0; path = Pods_TopMovies.framework; sourceTree = BUILT_PRODUCTS_DIR; };
		60834EBBC4286A885EC0254C /* Pods_TopMoviesTests.framework */ = {isa = PBXFileReference; explicitFileType = wrapper.framework; includeInIndex = 0; path = Pods_TopMoviesTests.framework; sourceTree = BUILT_PRODUCTS_DIR; };
		7C291BFF8641630BE7947714 /* Pods-TopMoviesUITests.release.xcconfig */ = {isa = PBXFileReference; includeInIndex = 1; lastKnownFileType = text.xcconfig; name = "Pods-TopMoviesUITests.release.xcconfig"; path = "Pods/Target Support Files/Pods-TopMoviesUITests/Pods-TopMoviesUITests.release.xcconfig"; sourceTree = "<group>"; };
		7E640091B6BBA47C5107253A /* Pods-TopMovies.release.xcconfig */ = {isa = PBXFileReference; includeInIndex = 1; lastKnownFileType = text.xcconfig; name = "Pods-TopMovies.release.xcconfig"; path = "Pods/Target Support Files/Pods-TopMovies/Pods-TopMovies.release.xcconfig"; sourceTree = "<group>"; };
		8F416391964E6CBE4F97963D /* Pods-TopMoviesTests.debug.xcconfig */ = {isa = PBXFileReference; includeInIndex = 1; lastKnownFileType = text.xcconfig; name = "Pods-TopMoviesTests.debug.xcconfig"; path = "Pods/Target Support Files/Pods-TopMoviesTests/Pods-TopMoviesTests.debug.xcconfig"; sourceTree = "<group>"; };
		A02A2F26BDFF999A7690DE9F /* Pods-TopMovies.debug.xcconfig */ = {isa = PBXFileReference; includeInIndex = 1; lastKnownFileType = text.xcconfig; name = "Pods-TopMovies.debug.xcconfig"; path = "Pods/Target Support Files/Pods-TopMovies/Pods-TopMovies.debug.xcconfig"; sourceTree = "<group>"; };
		A369C86972834350019F45BD /* Pods_TopMoviesUITests.framework */ = {isa = PBXFileReference; explicitFileType = wrapper.framework; includeInIndex = 0; path = Pods_TopMoviesUITests.framework; sourceTree = BUILT_PRODUCTS_DIR; };
		A676127B84718915E828B656 /* Pods-TopMoviesUITests.debug.xcconfig */ = {isa = PBXFileReference; includeInIndex = 1; lastKnownFileType = text.xcconfig; name = "Pods-TopMoviesUITests.debug.xcconfig"; path = "Pods/Target Support Files/Pods-TopMoviesUITests/Pods-TopMoviesUITests.debug.xcconfig"; sourceTree = "<group>"; };
		C0579C281F98A707006FCA11 /* TopMovies.app */ = {isa = PBXFileReference; explicitFileType = wrapper.application; includeInIndex = 0; path = TopMovies.app; sourceTree = BUILT_PRODUCTS_DIR; };
		C0579C2B1F98A707006FCA11 /* AppDelegate.swift */ = {isa = PBXFileReference; lastKnownFileType = sourcecode.swift; path = AppDelegate.swift; sourceTree = "<group>"; };
		C0579C2D1F98A707006FCA11 /* ViewController.swift */ = {isa = PBXFileReference; lastKnownFileType = sourcecode.swift; path = ViewController.swift; sourceTree = "<group>"; };
		C0579C301F98A707006FCA11 /* Base */ = {isa = PBXFileReference; lastKnownFileType = file.storyboard; name = Base; path = Base.lproj/Main.storyboard; sourceTree = "<group>"; };
		C0579C321F98A707006FCA11 /* Assets.xcassets */ = {isa = PBXFileReference; lastKnownFileType = folder.assetcatalog; path = Assets.xcassets; sourceTree = "<group>"; };
		C0579C351F98A707006FCA11 /* Base */ = {isa = PBXFileReference; lastKnownFileType = file.storyboard; name = Base; path = Base.lproj/LaunchScreen.storyboard; sourceTree = "<group>"; };
		C0579C371F98A707006FCA11 /* Info.plist */ = {isa = PBXFileReference; lastKnownFileType = text.plist.xml; path = Info.plist; sourceTree = "<group>"; };
		C0579C3C1F98A707006FCA11 /* TopMoviesTests.xctest */ = {isa = PBXFileReference; explicitFileType = wrapper.cfbundle; includeInIndex = 0; path = TopMoviesTests.xctest; sourceTree = BUILT_PRODUCTS_DIR; };
		C0579C401F98A707006FCA11 /* TopMoviesTests.swift */ = {isa = PBXFileReference; lastKnownFileType = sourcecode.swift; path = TopMoviesTests.swift; sourceTree = "<group>"; };
		C0579C421F98A707006FCA11 /* Info.plist */ = {isa = PBXFileReference; lastKnownFileType = text.plist.xml; path = Info.plist; sourceTree = "<group>"; };
		C0579C471F98A707006FCA11 /* TopMoviesUITests.xctest */ = {isa = PBXFileReference; explicitFileType = wrapper.cfbundle; includeInIndex = 0; path = TopMoviesUITests.xctest; sourceTree = BUILT_PRODUCTS_DIR; };
		C0579C4B1F98A707006FCA11 /* TopMoviesUITests.swift */ = {isa = PBXFileReference; lastKnownFileType = sourcecode.swift; path = TopMoviesUITests.swift; sourceTree = "<group>"; };
		C0579C4D1F98A707006FCA11 /* Info.plist */ = {isa = PBXFileReference; lastKnownFileType = text.plist.xml; path = Info.plist; sourceTree = "<group>"; };
		C0579C5D1F98B536006FCA11 /* Movie.swift */ = {isa = PBXFileReference; lastKnownFileType = sourcecode.swift; path = Movie.swift; sourceTree = "<group>"; };
		C0579C5F1F98BB6A006FCA11 /* Feed.swift */ = {isa = PBXFileReference; lastKnownFileType = sourcecode.swift; path = Feed.swift; sourceTree = "<group>"; };
/* End PBXFileReference section */

/* Begin PBXFrameworksBuildPhase section */
		C0579C251F98A707006FCA11 /* Frameworks */ = {
			isa = PBXFrameworksBuildPhase;
			buildActionMask = 2147483647;
			files = (
				D87E60223E293D352337132B /* Pods_TopMovies.framework in Frameworks */,
			);
			runOnlyForDeploymentPostprocessing = 0;
		};
		C0579C391F98A707006FCA11 /* Frameworks */ = {
			isa = PBXFrameworksBuildPhase;
			buildActionMask = 2147483647;
			files = (
				FC12096FB9F4893F8B524E91 /* Pods_TopMoviesTests.framework in Frameworks */,
			);
			runOnlyForDeploymentPostprocessing = 0;
		};
		C0579C441F98A707006FCA11 /* Frameworks */ = {
			isa = PBXFrameworksBuildPhase;
			buildActionMask = 2147483647;
			files = (
				7918B0370BCC86E432A5E095 /* Pods_TopMoviesUITests.framework in Frameworks */,
			);
			runOnlyForDeploymentPostprocessing = 0;
		};
/* End PBXFrameworksBuildPhase section */

/* Begin PBXGroup section */
		C0579C1F1F98A707006FCA11 = {
			isa = PBXGroup;
			children = (
				C0579C2A1F98A707006FCA11 /* TopMovies */,
				C0579C3F1F98A707006FCA11 /* TopMoviesTests */,
				C0579C4A1F98A707006FCA11 /* TopMoviesUITests */,
				C0579C291F98A707006FCA11 /* Products */,
				C4B864A20DECAEB5C6271D48 /* Pods */,
				E8FE72C51C2EB12BB369F9B6 /* Frameworks */,
			);
			sourceTree = "<group>";
		};
		C0579C291F98A707006FCA11 /* Products */ = {
			isa = PBXGroup;
			children = (
				C0579C281F98A707006FCA11 /* TopMovies.app */,
				C0579C3C1F98A707006FCA11 /* TopMoviesTests.xctest */,
				C0579C471F98A707006FCA11 /* TopMoviesUITests.xctest */,
			);
			name = Products;
			sourceTree = "<group>";
		};
		C0579C2A1F98A707006FCA11 /* TopMovies */ = {
			isa = PBXGroup;
			children = (
				C0579C5C1F98B2FF006FCA11 /* Model */,
				C0579C2B1F98A707006FCA11 /* AppDelegate.swift */,
				C0579C2D1F98A707006FCA11 /* ViewController.swift */,
				C0579C2F1F98A707006FCA11 /* Main.storyboard */,
				C0579C321F98A707006FCA11 /* Assets.xcassets */,
				C0579C341F98A707006FCA11 /* LaunchScreen.storyboard */,
				C0579C371F98A707006FCA11 /* Info.plist */,
			);
			path = TopMovies;
			sourceTree = "<group>";
		};
		C0579C3F1F98A707006FCA11 /* TopMoviesTests */ = {
			isa = PBXGroup;
			children = (
				C0579C401F98A707006FCA11 /* TopMoviesTests.swift */,
				C0579C421F98A707006FCA11 /* Info.plist */,
			);
			path = TopMoviesTests;
			sourceTree = "<group>";
		};
		C0579C4A1F98A707006FCA11 /* TopMoviesUITests */ = {
			isa = PBXGroup;
			children = (
				C0579C4B1F98A707006FCA11 /* TopMoviesUITests.swift */,
				C0579C4D1F98A707006FCA11 /* Info.plist */,
			);
			path = TopMoviesUITests;
			sourceTree = "<group>";
		};
		C0579C5C1F98B2FF006FCA11 /* Model */ = {
			isa = PBXGroup;
			children = (
				C0579C5D1F98B536006FCA11 /* Movie.swift */,
				C0579C5F1F98BB6A006FCA11 /* Feed.swift */,
			);
			path = Model;
			sourceTree = "<group>";
		};
		C4B864A20DECAEB5C6271D48 /* Pods */ = {
			isa = PBXGroup;
			children = (
				A02A2F26BDFF999A7690DE9F /* Pods-TopMovies.debug.xcconfig */,
				7E640091B6BBA47C5107253A /* Pods-TopMovies.release.xcconfig */,
				8F416391964E6CBE4F97963D /* Pods-TopMoviesTests.debug.xcconfig */,
				54FA324067C82AF178CB7424 /* Pods-TopMoviesTests.release.xcconfig */,
				A676127B84718915E828B656 /* Pods-TopMoviesUITests.debug.xcconfig */,
				7C291BFF8641630BE7947714 /* Pods-TopMoviesUITests.release.xcconfig */,
			);
			name = Pods;
			sourceTree = "<group>";
		};
		E8FE72C51C2EB12BB369F9B6 /* Frameworks */ = {
			isa = PBXGroup;
			children = (
				5F37A940593F84C651691F69 /* Pods_TopMovies.framework */,
				60834EBBC4286A885EC0254C /* Pods_TopMoviesTests.framework */,
				A369C86972834350019F45BD /* Pods_TopMoviesUITests.framework */,
			);
			name = Frameworks;
			sourceTree = "<group>";
		};
/* End PBXGroup section */

/* Begin PBXNativeTarget section */
		C0579C271F98A707006FCA11 /* TopMovies */ = {
			isa = PBXNativeTarget;
			buildConfigurationList = C0579C501F98A707006FCA11 /* Build configuration list for PBXNativeTarget "TopMovies" */;
			buildPhases = (
				44431ECF077FAC543BCFCFE4 /* [CP] Check Pods Manifest.lock */,
				C0579C241F98A707006FCA11 /* Sources */,
				C0579C251F98A707006FCA11 /* Frameworks */,
				C0579C261F98A707006FCA11 /* Resources */,
				C6E0232F2308DC0F8003F4F5 /* [CP] Embed Pods Frameworks */,
				BE4D0758680033BEF36170CF /* [CP] Copy Pods Resources */,
			);
			buildRules = (
			);
			dependencies = (
			);
			name = TopMovies;
			productName = TopMovies;
			productReference = C0579C281F98A707006FCA11 /* TopMovies.app */;
			productType = "com.apple.product-type.application";
		};
		C0579C3B1F98A707006FCA11 /* TopMoviesTests */ = {
			isa = PBXNativeTarget;
			buildConfigurationList = C0579C531F98A707006FCA11 /* Build configuration list for PBXNativeTarget "TopMoviesTests" */;
			buildPhases = (
				28807F3906FCCCBA41398B77 /* [CP] Check Pods Manifest.lock */,
				C0579C381F98A707006FCA11 /* Sources */,
				C0579C391F98A707006FCA11 /* Frameworks */,
				C0579C3A1F98A707006FCA11 /* Resources */,
				24160B4B404899447C03C6F2 /* [CP] Embed Pods Frameworks */,
				C9280BEFE87D412281738BD9 /* [CP] Copy Pods Resources */,
			);
			buildRules = (
			);
			dependencies = (
				C0579C3E1F98A707006FCA11 /* PBXTargetDependency */,
			);
			name = TopMoviesTests;
			productName = TopMoviesTests;
			productReference = C0579C3C1F98A707006FCA11 /* TopMoviesTests.xctest */;
			productType = "com.apple.product-type.bundle.unit-test";
		};
		C0579C461F98A707006FCA11 /* TopMoviesUITests */ = {
			isa = PBXNativeTarget;
			buildConfigurationList = C0579C561F98A707006FCA11 /* Build configuration list for PBXNativeTarget "TopMoviesUITests" */;
			buildPhases = (
				1518C243530329C4D43FBE2B /* [CP] Check Pods Manifest.lock */,
				C0579C431F98A707006FCA11 /* Sources */,
				C0579C441F98A707006FCA11 /* Frameworks */,
				C0579C451F98A707006FCA11 /* Resources */,
				E0AF15C28369DA74C29900B8 /* [CP] Embed Pods Frameworks */,
				5EDAE823FFE418E79A811294 /* [CP] Copy Pods Resources */,
			);
			buildRules = (
			);
			dependencies = (
				C0579C491F98A707006FCA11 /* PBXTargetDependency */,
			);
			name = TopMoviesUITests;
			productName = TopMoviesUITests;
			productReference = C0579C471F98A707006FCA11 /* TopMoviesUITests.xctest */;
			productType = "com.apple.product-type.bundle.ui-testing";
		};
/* End PBXNativeTarget section */

/* Begin PBXProject section */
		C0579C201F98A707006FCA11 /* Project object */ = {
			isa = PBXProject;
			attributes = {
				LastSwiftUpdateCheck = 0900;
				LastUpgradeCheck = 0900;
				ORGANIZATIONNAME = "ZHANG Chenglong";
				TargetAttributes = {
					C0579C271F98A707006FCA11 = {
						CreatedOnToolsVersion = 9.0.1;
						ProvisioningStyle = Automatic;
					};
					C0579C3B1F98A707006FCA11 = {
						CreatedOnToolsVersion = 9.0.1;
						ProvisioningStyle = Automatic;
						TestTargetID = C0579C271F98A707006FCA11;
					};
					C0579C461F98A707006FCA11 = {
						CreatedOnToolsVersion = 9.0.1;
						ProvisioningStyle = Automatic;
						TestTargetID = C0579C271F98A707006FCA11;
					};
				};
			};
			buildConfigurationList = C0579C231F98A707006FCA11 /* Build configuration list for PBXProject "TopMovies" */;
			compatibilityVersion = "Xcode 8.0";
			developmentRegion = en;
			hasScannedForEncodings = 0;
			knownRegions = (
				en,
				Base,
			);
			mainGroup = C0579C1F1F98A707006FCA11;
			productRefGroup = C0579C291F98A707006FCA11 /* Products */;
			projectDirPath = "";
			projectRoot = "";
			targets = (
				C0579C271F98A707006FCA11 /* TopMovies */,
				C0579C3B1F98A707006FCA11 /* TopMoviesTests */,
				C0579C461F98A707006FCA11 /* TopMoviesUITests */,
			);
		};
/* End PBXProject section */

/* Begin PBXResourcesBuildPhase section */
		C0579C261F98A707006FCA11 /* Resources */ = {
			isa = PBXResourcesBuildPhase;
			buildActionMask = 2147483647;
			files = (
				C0579C361F98A707006FCA11 /* LaunchScreen.storyboard in Resources */,
				C0579C331F98A707006FCA11 /* Assets.xcassets in Resources */,
				C0579C311F98A707006FCA11 /* Main.storyboard in Resources */,
			);
			runOnlyForDeploymentPostprocessing = 0;
		};
		C0579C3A1F98A707006FCA11 /* Resources */ = {
			isa = PBXResourcesBuildPhase;
			buildActionMask = 2147483647;
			files = (
			);
			runOnlyForDeploymentPostprocessing = 0;
		};
		C0579C451F98A707006FCA11 /* Resources */ = {
			isa = PBXResourcesBuildPhase;
			buildActionMask = 2147483647;
			files = (
			);
			runOnlyForDeploymentPostprocessing = 0;
		};
/* End PBXResourcesBuildPhase section */

/* Begin PBXShellScriptBuildPhase section */
		1518C243530329C4D43FBE2B /* [CP] Check Pods Manifest.lock */ = {
			isa = PBXShellScriptBuildPhase;
			buildActionMask = 2147483647;
			files = (
			);
			inputPaths = (
				"${PODS_PODFILE_DIR_PATH}/Podfile.lock",
				"${PODS_ROOT}/Manifest.lock",
			);
			name = "[CP] Check Pods Manifest.lock";
			outputPaths = (
				"$(DERIVED_FILE_DIR)/Pods-TopMoviesUITests-checkManifestLockResult.txt",
			);
			runOnlyForDeploymentPostprocessing = 0;
			shellPath = /bin/sh;
			shellScript = "diff \"${PODS_PODFILE_DIR_PATH}/Podfile.lock\" \"${PODS_ROOT}/Manifest.lock\" > /dev/null\nif [ $? != 0 ] ; then\n    # print error to STDERR\n    echo \"error: The sandbox is not in sync with the Podfile.lock. Run 'pod install' or update your CocoaPods installation.\" >&2\n    exit 1\nfi\n# This output is used by Xcode 'outputs' to avoid re-running this script phase.\necho \"SUCCESS\" > \"${SCRIPT_OUTPUT_FILE_0}\"\n";
			showEnvVarsInLog = 0;
		};
		24160B4B404899447C03C6F2 /* [CP] Embed Pods Frameworks */ = {
			isa = PBXShellScriptBuildPhase;
			buildActionMask = 2147483647;
			files = (
			);
			inputPaths = (
			);
			name = "[CP] Embed Pods Frameworks";
			outputPaths = (
			);
			runOnlyForDeploymentPostprocessing = 0;
			shellPath = /bin/sh;
			shellScript = "\"${SRCROOT}/Pods/Target Support Files/Pods-TopMoviesTests/Pods-TopMoviesTests-frameworks.sh\"\n";
			showEnvVarsInLog = 0;
		};
		28807F3906FCCCBA41398B77 /* [CP] Check Pods Manifest.lock */ = {
			isa = PBXShellScriptBuildPhase;
			buildActionMask = 2147483647;
			files = (
			);
			inputPaths = (
				"${PODS_PODFILE_DIR_PATH}/Podfile.lock",
				"${PODS_ROOT}/Manifest.lock",
			);
			name = "[CP] Check Pods Manifest.lock";
			outputPaths = (
				"$(DERIVED_FILE_DIR)/Pods-TopMoviesTests-checkManifestLockResult.txt",
			);
			runOnlyForDeploymentPostprocessing = 0;
			shellPath = /bin/sh;
			shellScript = "diff \"${PODS_PODFILE_DIR_PATH}/Podfile.lock\" \"${PODS_ROOT}/Manifest.lock\" > /dev/null\nif [ $? != 0 ] ; then\n    # print error to STDERR\n    echo \"error: The sandbox is not in sync with the Podfile.lock. Run 'pod install' or update your CocoaPods installation.\" >&2\n    exit 1\nfi\n# This output is used by Xcode 'outputs' to avoid re-running this script phase.\necho \"SUCCESS\" > \"${SCRIPT_OUTPUT_FILE_0}\"\n";
			showEnvVarsInLog = 0;
		};
		44431ECF077FAC543BCFCFE4 /* [CP] Check Pods Manifest.lock */ = {
			isa = PBXShellScriptBuildPhase;
			buildActionMask = 2147483647;
			files = (
			);
			inputPaths = (
				"${PODS_PODFILE_DIR_PATH}/Podfile.lock",
				"${PODS_ROOT}/Manifest.lock",
			);
			name = "[CP] Check Pods Manifest.lock";
			outputPaths = (
				"$(DERIVED_FILE_DIR)/Pods-TopMovies-checkManifestLockResult.txt",
			);
			runOnlyForDeploymentPostprocessing = 0;
			shellPath = /bin/sh;
			shellScript = "diff \"${PODS_PODFILE_DIR_PATH}/Podfile.lock\" \"${PODS_ROOT}/Manifest.lock\" > /dev/null\nif [ $? != 0 ] ; then\n    # print error to STDERR\n    echo \"error: The sandbox is not in sync with the Podfile.lock. Run 'pod install' or update your CocoaPods installation.\" >&2\n    exit 1\nfi\n# This output is used by Xcode 'outputs' to avoid re-running this script phase.\necho \"SUCCESS\" > \"${SCRIPT_OUTPUT_FILE_0}\"\n";
			showEnvVarsInLog = 0;
		};
		5EDAE823FFE418E79A811294 /* [CP] Copy Pods Resources */ = {
			isa = PBXShellScriptBuildPhase;
			buildActionMask = 2147483647;
			files = (
			);
			inputPaths = (
			);
			name = "[CP] Copy Pods Resources";
			outputPaths = (
			);
			runOnlyForDeploymentPostprocessing = 0;
			shellPath = /bin/sh;
			shellScript = "\"${SRCROOT}/Pods/Target Support Files/Pods-TopMoviesUITests/Pods-TopMoviesUITests-resources.sh\"\n";
			showEnvVarsInLog = 0;
		};
		BE4D0758680033BEF36170CF /* [CP] Copy Pods Resources */ = {
			isa = PBXShellScriptBuildPhase;
			buildActionMask = 2147483647;
			files = (
			);
			inputPaths = (
			);
			name = "[CP] Copy Pods Resources";
			outputPaths = (
			);
			runOnlyForDeploymentPostprocessing = 0;
			shellPath = /bin/sh;
			shellScript = "\"${SRCROOT}/Pods/Target Support Files/Pods-TopMovies/Pods-TopMovies-resources.sh\"\n";
			showEnvVarsInLog = 0;
		};
		C6E0232F2308DC0F8003F4F5 /* [CP] Embed Pods Frameworks */ = {
			isa = PBXShellScriptBuildPhase;
			buildActionMask = 2147483647;
			files = (
			);
			inputPaths = (
				"${SRCROOT}/Pods/Target Support Files/Pods-TopMovies/Pods-TopMovies-frameworks.sh",
				"${BUILT_PRODUCTS_DIR}/Alamofire/Alamofire.framework",
				"${BUILT_PRODUCTS_DIR}/EVReflection/EVReflection.framework",
				"${BUILT_PRODUCTS_DIR}/IGListKit/IGListKit.framework",
				"${BUILT_PRODUCTS_DIR}/XMLDictionary/XMLDictionary.framework",
			);
			name = "[CP] Embed Pods Frameworks";
			outputPaths = (
				"${TARGET_BUILD_DIR}/${FRAMEWORKS_FOLDER_PATH}/Alamofire.framework",
				"${TARGET_BUILD_DIR}/${FRAMEWORKS_FOLDER_PATH}/EVReflection.framework",
				"${TARGET_BUILD_DIR}/${FRAMEWORKS_FOLDER_PATH}/IGListKit.framework",
				"${TARGET_BUILD_DIR}/${FRAMEWORKS_FOLDER_PATH}/XMLDictionary.framework",
			);
			runOnlyForDeploymentPostprocessing = 0;
			shellPath = /bin/sh;
			shellScript = "\"${SRCROOT}/Pods/Target Support Files/Pods-TopMovies/Pods-TopMovies-frameworks.sh\"\n";
			showEnvVarsInLog = 0;
		};
		C9280BEFE87D412281738BD9 /* [CP] Copy Pods Resources */ = {
			isa = PBXShellScriptBuildPhase;
			buildActionMask = 2147483647;
			files = (
			);
			inputPaths = (
			);
			name = "[CP] Copy Pods Resources";
			outputPaths = (
			);
			runOnlyForDeploymentPostprocessing = 0;
			shellPath = /bin/sh;
			shellScript = "\"${SRCROOT}/Pods/Target Support Files/Pods-TopMoviesTests/Pods-TopMoviesTests-resources.sh\"\n";
			showEnvVarsInLog = 0;
		};
		E0AF15C28369DA74C29900B8 /* [CP] Embed Pods Frameworks */ = {
			isa = PBXShellScriptBuildPhase;
			buildActionMask = 2147483647;
			files = (
			);
			inputPaths = (
			);
			name = "[CP] Embed Pods Frameworks";
			outputPaths = (
			);
			runOnlyForDeploymentPostprocessing = 0;
			shellPath = /bin/sh;
			shellScript = "\"${SRCROOT}/Pods/Target Support Files/Pods-TopMoviesUITests/Pods-TopMoviesUITests-frameworks.sh\"\n";
			showEnvVarsInLog = 0;
		};
/* End PBXShellScriptBuildPhase section */

/* Begin PBXSourcesBuildPhase section */
		C0579C241F98A707006FCA11 /* Sources */ = {
			isa = PBXSourcesBuildPhase;
			buildActionMask = 2147483647;
			files = (
				C0579C2E1F98A707006FCA11 /* ViewController.swift in Sources */,
				C0579C601F98BB6A006FCA11 /* Feed.swift in Sources */,
				C0579C2C1F98A707006FCA11 /* AppDelegate.swift in Sources */,
				C0579C5E1F98B536006FCA11 /* Movie.swift in Sources */,
			);
			runOnlyForDeploymentPostprocessing = 0;
		};
		C0579C381F98A707006FCA11 /* Sources */ = {
			isa = PBXSourcesBuildPhase;
			buildActionMask = 2147483647;
			files = (
				C0579C411F98A707006FCA11 /* TopMoviesTests.swift in Sources */,
			);
			runOnlyForDeploymentPostprocessing = 0;
		};
		C0579C431F98A707006FCA11 /* Sources */ = {
			isa = PBXSourcesBuildPhase;
			buildActionMask = 2147483647;
			files = (
				C0579C4C1F98A707006FCA11 /* TopMoviesUITests.swift in Sources */,
			);
			runOnlyForDeploymentPostprocessing = 0;
		};
/* End PBXSourcesBuildPhase section */

/* Begin PBXTargetDependency section */
		C0579C3E1F98A707006FCA11 /* PBXTargetDependency */ = {
			isa = PBXTargetDependency;
			target = C0579C271F98A707006FCA11 /* TopMovies */;
			targetProxy = C0579C3D1F98A707006FCA11 /* PBXContainerItemProxy */;
		};
		C0579C491F98A707006FCA11 /* PBXTargetDependency */ = {
			isa = PBXTargetDependency;
			target = C0579C271F98A707006FCA11 /* TopMovies */;
			targetProxy = C0579C481F98A707006FCA11 /* PBXContainerItemProxy */;
		};
/* End PBXTargetDependency section */

/* Begin PBXVariantGroup section */
		C0579C2F1F98A707006FCA11 /* Main.storyboard */ = {
			isa = PBXVariantGroup;
			children = (
				C0579C301F98A707006FCA11 /* Base */,
			);
			name = Main.storyboard;
			sourceTree = "<group>";
		};
		C0579C341F98A707006FCA11 /* LaunchScreen.storyboard */ = {
			isa = PBXVariantGroup;
			children = (
				C0579C351F98A707006FCA11 /* Base */,
			);
			name = LaunchScreen.storyboard;
			sourceTree = "<group>";
		};
/* End PBXVariantGroup section */

/* Begin XCBuildConfiguration section */
		C0579C4E1F98A707006FCA11 /* Debug */ = {
			isa = XCBuildConfiguration;
			buildSettings = {
				ALWAYS_SEARCH_USER_PATHS = NO;
				CLANG_ANALYZER_NONNULL = YES;
				CLANG_ANALYZER_NUMBER_OBJECT_CONVERSION = YES_AGGRESSIVE;
				CLANG_CXX_LANGUAGE_STANDARD = "gnu++14";
				CLANG_CXX_LIBRARY = "libc++";
				CLANG_ENABLE_MODULES = YES;
				CLANG_ENABLE_OBJC_ARC = YES;
				CLANG_WARN_BLOCK_CAPTURE_AUTORELEASING = YES;
				CLANG_WARN_BOOL_CONVERSION = YES;
				CLANG_WARN_COMMA = YES;
				CLANG_WARN_CONSTANT_CONVERSION = YES;
				CLANG_WARN_DIRECT_OBJC_ISA_USAGE = YES_ERROR;
				CLANG_WARN_DOCUMENTATION_COMMENTS = YES;
				CLANG_WARN_EMPTY_BODY = YES;
				CLANG_WARN_ENUM_CONVERSION = YES;
				CLANG_WARN_INFINITE_RECURSION = YES;
				CLANG_WARN_INT_CONVERSION = YES;
				CLANG_WARN_NON_LITERAL_NULL_CONVERSION = YES;
				CLANG_WARN_OBJC_LITERAL_CONVERSION = YES;
				CLANG_WARN_OBJC_ROOT_CLASS = YES_ERROR;
				CLANG_WARN_RANGE_LOOP_ANALYSIS = YES;
				CLANG_WARN_STRICT_PROTOTYPES = YES;
				CLANG_WARN_SUSPICIOUS_MOVE = YES;
				CLANG_WARN_UNGUARDED_AVAILABILITY = YES_AGGRESSIVE;
				CLANG_WARN_UNREACHABLE_CODE = YES;
				CLANG_WARN__DUPLICATE_METHOD_MATCH = YES;
				CODE_SIGN_IDENTITY = "iPhone Developer";
				COPY_PHASE_STRIP = NO;
				DEBUG_INFORMATION_FORMAT = dwarf;
				ENABLE_STRICT_OBJC_MSGSEND = YES;
				ENABLE_TESTABILITY = YES;
				GCC_C_LANGUAGE_STANDARD = gnu11;
				GCC_DYNAMIC_NO_PIC = NO;
				GCC_NO_COMMON_BLOCKS = YES;
				GCC_OPTIMIZATION_LEVEL = 0;
				GCC_PREPROCESSOR_DEFINITIONS = (
					"DEBUG=1",
					"$(inherited)",
				);
				GCC_WARN_64_TO_32_BIT_CONVERSION = YES;
				GCC_WARN_ABOUT_RETURN_TYPE = YES_ERROR;
				GCC_WARN_UNDECLARED_SELECTOR = YES;
				GCC_WARN_UNINITIALIZED_AUTOS = YES_AGGRESSIVE;
				GCC_WARN_UNUSED_FUNCTION = YES;
				GCC_WARN_UNUSED_VARIABLE = YES;
				IPHONEOS_DEPLOYMENT_TARGET = 11.0;
				MTL_ENABLE_DEBUG_INFO = YES;
				ONLY_ACTIVE_ARCH = YES;
				SDKROOT = iphoneos;
				SWIFT_ACTIVE_COMPILATION_CONDITIONS = DEBUG;
				SWIFT_OPTIMIZATION_LEVEL = "-Onone";
			};
			name = Debug;
		};
		C0579C4F1F98A707006FCA11 /* Release */ = {
			isa = XCBuildConfiguration;
			buildSettings = {
				ALWAYS_SEARCH_USER_PATHS = NO;
				CLANG_ANALYZER_NONNULL = YES;
				CLANG_ANALYZER_NUMBER_OBJECT_CONVERSION = YES_AGGRESSIVE;
				CLANG_CXX_LANGUAGE_STANDARD = "gnu++14";
				CLANG_CXX_LIBRARY = "libc++";
				CLANG_ENABLE_MODULES = YES;
				CLANG_ENABLE_OBJC_ARC = YES;
				CLANG_WARN_BLOCK_CAPTURE_AUTORELEASING = YES;
				CLANG_WARN_BOOL_CONVERSION = YES;
				CLANG_WARN_COMMA = YES;
				CLANG_WARN_CONSTANT_CONVERSION = YES;
				CLANG_WARN_DIRECT_OBJC_ISA_USAGE = YES_ERROR;
				CLANG_WARN_DOCUMENTATION_COMMENTS = YES;
				CLANG_WARN_EMPTY_BODY = YES;
				CLANG_WARN_ENUM_CONVERSION = YES;
				CLANG_WARN_INFINITE_RECURSION = YES;
				CLANG_WARN_INT_CONVERSION = YES;
				CLANG_WARN_NON_LITERAL_NULL_CONVERSION = YES;
				CLANG_WARN_OBJC_LITERAL_CONVERSION = YES;
				CLANG_WARN_OBJC_ROOT_CLASS = YES_ERROR;
				CLANG_WARN_RANGE_LOOP_ANALYSIS = YES;
				CLANG_WARN_STRICT_PROTOTYPES = YES;
				CLANG_WARN_SUSPICIOUS_MOVE = YES;
				CLANG_WARN_UNGUARDED_AVAILABILITY = YES_AGGRESSIVE;
				CLANG_WARN_UNREACHABLE_CODE = YES;
				CLANG_WARN__DUPLICATE_METHOD_MATCH = YES;
				CODE_SIGN_IDENTITY = "iPhone Developer";
				COPY_PHASE_STRIP = NO;
				DEBUG_INFORMATION_FORMAT = "dwarf-with-dsym";
				ENABLE_NS_ASSERTIONS = NO;
				ENABLE_STRICT_OBJC_MSGSEND = YES;
				GCC_C_LANGUAGE_STANDARD = gnu11;
				GCC_NO_COMMON_BLOCKS = YES;
				GCC_WARN_64_TO_32_BIT_CONVERSION = YES;
				GCC_WARN_ABOUT_RETURN_TYPE = YES_ERROR;
				GCC_WARN_UNDECLARED_SELECTOR = YES;
				GCC_WARN_UNINITIALIZED_AUTOS = YES_AGGRESSIVE;
				GCC_WARN_UNUSED_FUNCTION = YES;
				GCC_WARN_UNUSED_VARIABLE = YES;
				IPHONEOS_DEPLOYMENT_TARGET = 11.0;
				MTL_ENABLE_DEBUG_INFO = NO;
				SDKROOT = iphoneos;
				SWIFT_OPTIMIZATION_LEVEL = "-Owholemodule";
				VALIDATE_PRODUCT = YES;
			};
			name = Release;
		};
		C0579C511F98A707006FCA11 /* Debug */ = {
			isa = XCBuildConfiguration;
			baseConfigurationReference = A02A2F26BDFF999A7690DE9F /* Pods-TopMovies.debug.xcconfig */;
			buildSettings = {
				ASSETCATALOG_COMPILER_APPICON_NAME = AppIcon;
				CODE_SIGN_STYLE = Automatic;
				INFOPLIST_FILE = TopMovies/Info.plist;
				IPHONEOS_DEPLOYMENT_TARGET = 10.0;
				LD_RUNPATH_SEARCH_PATHS = "$(inherited) @executable_path/Frameworks";
				PRODUCT_BUNDLE_IDENTIFIER = com.zcl.TopMovies;
				PRODUCT_NAME = "$(TARGET_NAME)";
				SWIFT_VERSION = 3.0;
				TARGETED_DEVICE_FAMILY = "1,2";
			};
			name = Debug;
		};
		C0579C521F98A707006FCA11 /* Release */ = {
			isa = XCBuildConfiguration;
			baseConfigurationReference = 7E640091B6BBA47C5107253A /* Pods-TopMovies.release.xcconfig */;
			buildSettings = {
				ASSETCATALOG_COMPILER_APPICON_NAME = AppIcon;
				CODE_SIGN_STYLE = Automatic;
				INFOPLIST_FILE = TopMovies/Info.plist;
				IPHONEOS_DEPLOYMENT_TARGET = 10.0;
				LD_RUNPATH_SEARCH_PATHS = "$(inherited) @executable_path/Frameworks";
				PRODUCT_BUNDLE_IDENTIFIER = com.zcl.TopMovies;
				PRODUCT_NAME = "$(TARGET_NAME)";
				SWIFT_VERSION = 3.0;
				TARGETED_DEVICE_FAMILY = "1,2";
			};
			name = Release;
		};
		C0579C541F98A707006FCA11 /* Debug */ = {
			isa = XCBuildConfiguration;
			baseConfigurationReference = 8F416391964E6CBE4F97963D /* Pods-TopMoviesTests.debug.xcconfig */;
			buildSettings = {
				ALWAYS_EMBED_SWIFT_STANDARD_LIBRARIES = YES;
				BUNDLE_LOADER = "$(TEST_HOST)";
				CODE_SIGN_STYLE = Automatic;
				INFOPLIST_FILE = TopMoviesTests/Info.plist;
				LD_RUNPATH_SEARCH_PATHS = "$(inherited) @executable_path/Frameworks @loader_path/Frameworks";
				PRODUCT_BUNDLE_IDENTIFIER = com.zcl.TopMoviesTests;
				PRODUCT_NAME = "$(TARGET_NAME)";
				SWIFT_VERSION = 4.0;
				TARGETED_DEVICE_FAMILY = "1,2";
				TEST_HOST = "$(BUILT_PRODUCTS_DIR)/TopMovies.app/TopMovies";
			};
			name = Debug;
		};
		C0579C551F98A707006FCA11 /* Release */ = {
			isa = XCBuildConfiguration;
			baseConfigurationReference = 54FA324067C82AF178CB7424 /* Pods-TopMoviesTests.release.xcconfig */;
			buildSettings = {
				ALWAYS_EMBED_SWIFT_STANDARD_LIBRARIES = YES;
				BUNDLE_LOADER = "$(TEST_HOST)";
				CODE_SIGN_STYLE = Automatic;
				INFOPLIST_FILE = TopMoviesTests/Info.plist;
				LD_RUNPATH_SEARCH_PATHS = "$(inherited) @executable_path/Frameworks @loader_path/Frameworks";
				PRODUCT_BUNDLE_IDENTIFIER = com.zcl.TopMoviesTests;
				PRODUCT_NAME = "$(TARGET_NAME)";
				SWIFT_VERSION = 4.0;
				TARGETED_DEVICE_FAMILY = "1,2";
				TEST_HOST = "$(BUILT_PRODUCTS_DIR)/TopMovies.app/TopMovies";
			};
			name = Release;
		};
		C0579C571F98A707006FCA11 /* Debug */ = {
			isa = XCBuildConfiguration;
			baseConfigurationReference = A676127B84718915E828B656 /* Pods-TopMoviesUITests.debug.xcconfig */;
			buildSettings = {
				ALWAYS_EMBED_SWIFT_STANDARD_LIBRARIES = YES;
				CODE_SIGN_STYLE = Automatic;
				INFOPLIST_FILE = TopMoviesUITests/Info.plist;
				LD_RUNPATH_SEARCH_PATHS = "$(inherited) @executable_path/Frameworks @loader_path/Frameworks";
				PRODUCT_BUNDLE_IDENTIFIER = com.zcl.TopMoviesUITests;
				PRODUCT_NAME = "$(TARGET_NAME)";
				SWIFT_VERSION = 4.0;
				TARGETED_DEVICE_FAMILY = "1,2";
				TEST_TARGET_NAME = TopMovies;
			};
			name = Debug;
		};
		C0579C581F98A707006FCA11 /* Release */ = {
			isa = XCBuildConfiguration;
			baseConfigurationReference = 7C291BFF8641630BE7947714 /* Pods-TopMoviesUITests.release.xcconfig */;
			buildSettings = {
				ALWAYS_EMBED_SWIFT_STANDARD_LIBRARIES = YES;
				CODE_SIGN_STYLE = Automatic;
				INFOPLIST_FILE = TopMoviesUITests/Info.plist;
				LD_RUNPATH_SEARCH_PATHS = "$(inherited) @executable_path/Frameworks @loader_path/Frameworks";
				PRODUCT_BUNDLE_IDENTIFIER = com.zcl.TopMoviesUITests;
				PRODUCT_NAME = "$(TARGET_NAME)";
				SWIFT_VERSION = 4.0;
				TARGETED_DEVICE_FAMILY = "1,2";
				TEST_TARGET_NAME = TopMovies;
			};
			name = Release;
		};
/* End XCBuildConfiguration section */

/* Begin XCConfigurationList section */
		C0579C231F98A707006FCA11 /* Build configuration list for PBXProject "TopMovies" */ = {
			isa = XCConfigurationList;
			buildConfigurations = (
				C0579C4E1F98A707006FCA11 /* Debug */,
				C0579C4F1F98A707006FCA11 /* Release */,
			);
			defaultConfigurationIsVisible = 0;
			defaultConfigurationName = Release;
		};
		C0579C501F98A707006FCA11 /* Build configuration list for PBXNativeTarget "TopMovies" */ = {
			isa = XCConfigurationList;
			buildConfigurations = (
				C0579C511F98A707006FCA11 /* Debug */,
				C0579C521F98A707006FCA11 /* Release */,
			);
			defaultConfigurationIsVisible = 0;
			defaultConfigurationName = Release;
		};
		C0579C531F98A707006FCA11 /* Build configuration list for PBXNativeTarget "TopMoviesTests" */ = {
			isa = XCConfigurationList;
			buildConfigurations = (
				C0579C541F98A707006FCA11 /* Debug */,
				C0579C551F98A707006FCA11 /* Release */,
			);
			defaultConfigurationIsVisible = 0;
			defaultConfigurationName = Release;
		};
		C0579C561F98A707006FCA11 /* Build configuration list for PBXNativeTarget "TopMoviesUITests" */ = {
			isa = XCConfigurationList;
			buildConfigurations = (
				C0579C571F98A707006FCA11 /* Debug */,
				C0579C581F98A707006FCA11 /* Release */,
			);
			defaultConfigurationIsVisible = 0;
			defaultConfigurationName = Release;
		};
/* End XCConfigurationList section */
	};
	rootObject = C0579C201F98A707006FCA11 /* Project object */;
}
